
Microsoft Visual Studio Solution File, Format Version 10.00
# Visual Studio 2008
Project("{8BC9CEB8-8B4A-11D0-8D11-00A0C91BC942}") = "gen_waveseek", "gen_waveseek.vcproj", "{4C17F9D9-9080-4F5C-9590-D40988A66EB7}"
EndProject
Global
	GlobalSection(SolutionConfigurationPlatforms) = preSolution
		Debug|Win32 = Debug|Win32
		Release|Win32 = Release|Win32
	EndGlobalSection
	GlobalSection(ProjectConfigurationPlatforms) = postSolution
		{4C17F9D9-9080-4F5C-9590-D40988A66EB7}.Debug|Win32.ActiveCfg = Debug|Win32
		{4C17F9D9-9080-4F5C-9590-D40988A66EB7}.Debug|Win32.Build.0 = Debug|Win32
		{4C17F9D9-9080-4F5C-9590-D40988A66EB7}.Release|Win32.ActiveCfg = Release|Win32
		{4C17F9D9-9080-4F5C-9590-D40988A66EB7}.Release|Win32.Build.0 = Release|Win32
	EndGlobalSection
	GlobalSection(SolutionProperties) = preSolution
		HideSolutionNode = FALSE
	EndGlobalSection
EndGlobal
